
Microsoft Visual Studio Solution File, Format Version 12.00
Project("{FAE04EC0-301F-11D3-BF4B-00C04F79EFBC}") = "ServiceA", "ServiceA\ServiceA.csproj", "{60136964-82A5-4364-A1C2-0E8394F12254}"
EndProject
Project("{FAE04EC0-301F-11D3-BF4B-00C04F79EFBC}") = "ServiceB", "ServiceB\ServiceB.csproj", "{1CAA8C68-A721-48FA-862C-8A3D56697B52}"
EndProject
Project("{FAE04EC0-301F-11D3-BF4B-00C04F79EFBC}") = "Shared", "Shared\Shared.csproj", "{039594D0-2F5D-48E2-A90F-BBA2FF66481A}"
EndProject
Global
	GlobalSection(SolutionConfigurationPlatforms) = preSolution
		Debug|Any CPU = Debug|Any CPU
		Release|Any CPU = Release|Any CPU
	EndGlobalSection
	GlobalSection(ProjectConfigurationPlatforms) = postSolution
		{60136964-82A5-4364-A1C2-0E8394F12254}.Debug|Any CPU.ActiveCfg = Debug|Any CPU
		{60136964-82A5-4364-A1C2-0E8394F12254}.Debug|Any CPU.Build.0 = Debug|Any CPU
		{60136964-82A5-4364-A1C2-0E8394F12254}.Release|Any CPU.ActiveCfg = Release|Any CPU
		{60136964-82A5-4364-A1C2-0E8394F12254}.Release|Any CPU.Build.0 = Release|Any CPU
		{1CAA8C68-A721-48FA-862C-8A3D56697B52}.Debug|Any CPU.ActiveCfg = Debug|Any CPU
		{1CAA8C68-A721-48FA-862C-8A3D56697B52}.Debug|Any CPU.Build.0 = Debug|Any CPU
		{1CAA8C68-A721-48FA-862C-8A3D56697B52}.Release|Any CPU.ActiveCfg = Release|Any CPU
		{1CAA8C68-A721-48FA-862C-8A3D56697B52}.Release|Any CPU.Build.0 = Release|Any CPU
		{039594D0-2F5D-48E2-A90F-BBA2FF66481A}.Debug|Any CPU.ActiveCfg = Debug|Any CPU
		{039594D0-2F5D-48E2-A90F-BBA2FF66481A}.Debug|Any CPU.Build.0 = Debug|Any CPU
		{039594D0-2F5D-48E2-A90F-BBA2FF66481A}.Release|Any CPU.ActiveCfg = Release|Any CPU
		{039594D0-2F5D-48E2-A90F-BBA2FF66481A}.Release|Any CPU.Build.0 = Release|Any CPU
	EndGlobalSection
EndGlobal
